
Microsoft Visual Studio Solution File, Format Version 12.00
# Visual Studio Version 16
VisualStudioVersion = 16.0.30204.135
MinimumVisualStudioVersion = 10.0.40219.1
Project("{FAE04EC0-301F-11D3-BF4B-00C04F79EFBC}") = "PluralsightBot", "PluralsightBot.csproj", "{598BF4AB-19A0-49E3-838F-C6BEBB471F8E}"
EndProject
Global
	GlobalSection(SolutionConfigurationPlatforms) = preSolution
		Debug|Any CPU = Debug|Any CPU
		Release|Any CPU = Release|Any CPU
	EndGlobalSection
	GlobalSection(ProjectConfigurationPlatforms) = postSolution
		{598BF4AB-19A0-49E3-838F-C6BEBB471F8E}.Debug|Any CPU.ActiveCfg = Debug|Any CPU
		{598BF4AB-19A0-49E3-838F-C6BEBB471F8E}.Debug|Any CPU.Build.0 = Debug|Any CPU
		{598BF4AB-19A0-49E3-838F-C6BEBB471F8E}.Release|Any CPU.ActiveCfg = Release|Any CPU
		{598BF4AB-19A0-49E3-838F-C6BEBB471F8E}.Release|Any CPU.Build.0 = Release|Any CPU
	EndGlobalSection
	GlobalSection(SolutionProperties) = preSolution
		HideSolutionNode = FALSE
	EndGlobalSection
	GlobalSection(ExtensibilityGlobals) = postSolution
		SolutionGuid = {857C0313-51ED-4B7A-A759-E4BCE288A8C3}
	EndGlobalSection
EndGlobal
